
Microsoft Visual Studio Solution File, Format Version 12.00
# Visual Studio 15
VisualStudioVersion = 15.0.28010.2046
MinimumVisualStudioVersion = 10.0.40219.1
Project("{FAE04EC0-301F-11D3-BF4B-00C04F79EFBC}") = "ArchivocCSharp", "ArchivocCSharp\ArchivocCSharp.csproj", "{A38C210E-1348-4575-83EF-F3A8DB97190C}"
EndProject
Global
	GlobalSection(SolutionConfigurationPlatforms) = preSolution
		Debug|Any CPU = Debug|Any CPU
		Release|Any CPU = Release|Any CPU
	EndGlobalSection
	GlobalSection(ProjectConfigurationPlatforms) = postSolution
		{A38C210E-1348-4575-83EF-F3A8DB97190C}.Debug|Any CPU.ActiveCfg = Debug|Any CPU
		{A38C210E-1348-4575-83EF-F3A8DB97190C}.Debug|Any CPU.Build.0 = Debug|Any CPU
		{A38C210E-1348-4575-83EF-F3A8DB97190C}.Release|Any CPU.ActiveCfg = Release|Any CPU
		{A38C210E-1348-4575-83EF-F3A8DB97190C}.Release|Any CPU.Build.0 = Release|Any CPU
	EndGlobalSection
	GlobalSection(SolutionProperties) = preSolution
		HideSolutionNode = FALSE
	EndGlobalSection
	GlobalSection(ExtensibilityGlobals) = postSolution
		SolutionGuid = {0AF02924-3DCA-4A18-A845-EDAA309705DD}
	EndGlobalSection
EndGlobal
